
Microsoft Visual Studio Solution File, Format Version 12.00
# Visual Studio 15
VisualStudioVersion = 15.0.28010.2041
MinimumVisualStudioVersion = 10.0.40219.1
Project("{2150E333-8FDC-42A3-9474-1A3956D46DE8}") = "DependencyInjection", "DependencyInjection", "{90BAFABE-E43F-4A00-8FDA-C82FA4E85D31}"
EndProject
Project("{FAE04EC0-301F-11D3-BF4B-00C04F79EFBC}") = "DI.Simple", "DI.Simple\DI.Simple.csproj", "{94C9017C-225C-4E32-820A-890CEF54DF97}"
EndProject
Global
	GlobalSection(SolutionConfigurationPlatforms) = preSolution
		Debug|Any CPU = Debug|Any CPU
		Release|Any CPU = Release|Any CPU
	EndGlobalSection
	GlobalSection(ProjectConfigurationPlatforms) = postSolution
		{94C9017C-225C-4E32-820A-890CEF54DF97}.Debug|Any CPU.ActiveCfg = Debug|Any CPU
		{94C9017C-225C-4E32-820A-890CEF54DF97}.Debug|Any CPU.Build.0 = Debug|Any CPU
		{94C9017C-225C-4E32-820A-890CEF54DF97}.Release|Any CPU.ActiveCfg = Release|Any CPU
		{94C9017C-225C-4E32-820A-890CEF54DF97}.Release|Any CPU.Build.0 = Release|Any CPU
	EndGlobalSection
	GlobalSection(SolutionProperties) = preSolution
		HideSolutionNode = FALSE
	EndGlobalSection
	GlobalSection(NestedProjects) = preSolution
		{94C9017C-225C-4E32-820A-890CEF54DF97} = {90BAFABE-E43F-4A00-8FDA-C82FA4E85D31}
	EndGlobalSection
	GlobalSection(ExtensibilityGlobals) = postSolution
		SolutionGuid = {36867B9D-FB32-4A4F-8918-E05CD294FA0C}
	EndGlobalSection
EndGlobal
