
Microsoft Visual Studio Solution File, Format Version 12.00
# Visual Studio 15
VisualStudioVersion = 15.0.28010.2041
MinimumVisualStudioVersion = 10.0.40219.1
Project("{2150E333-8FDC-42A3-9474-1A3956D46DE8}") = "DependencyInjection", "DependencyInjection", "{90BAFABE-E43F-4A00-8FDA-C82FA4E85D31}"
EndProject
Project("{9A19103F-16F7-4668-BE54-9A1E7A4F7556}") = "DI.Simple", "DI.Simple\DI.Simple.csproj", "{94C9017C-225C-4E32-820A-890CEF54DF97}"
EndProject
Project("{9A19103F-16F7-4668-BE54-9A1E7A4F7556}") = "DI.States", "DI.States\DI.States.csproj", "{A897B269-34D3-49BF-A16D-418A292D649B}"
EndProject
Project("{9A19103F-16F7-4668-BE54-9A1E7A4F7556}") = "DI.ViewInjection", "DI.ViewInjection\DI.ViewInjection.csproj", "{ED37A923-C89B-42B7-9F7F-44519B4F1E85}"
EndProject
Project("{9A19103F-16F7-4668-BE54-9A1E7A4F7556}") = "DI.Dispose", "DI.Dispose\DI.Dispose.csproj", "{95546049-FE50-463C-A13E-F54A69A4C36A}"
EndProject
Project("{9A19103F-16F7-4668-BE54-9A1E7A4F7556}") = "DI.ConstructorInjection", "DI.ConstructorInjection\DI.ConstructorInjection.csproj", "{90035C79-FD5F-4BAD-94CD-0619A6705F54}"
EndProject
Project("{2150E333-8FDC-42A3-9474-1A3956D46DE8}") = "Middleware", "Middleware", "{0DAEB753-3412-4857-83D4-80B64F365653}"
EndProject
Project("{9A19103F-16F7-4668-BE54-9A1E7A4F7556}") = "ML.Concept", "ML.Concept\ML.Concept.csproj", "{E63399D3-B1AA-4B94-9D63-EED1CBA19DDD}"
EndProject
Project("{9A19103F-16F7-4668-BE54-9A1E7A4F7556}") = "ML.Custom", "ML.Custom\ML.Custom.csproj", "{53E8889F-F101-47B6-8805-45F13CB982B1}"
EndProject
Project("{9A19103F-16F7-4668-BE54-9A1E7A4F7556}") = "ML.FactoryBased", "ML.FactoryBased\ML.FactoryBased.csproj", "{C4F66946-B14B-4DC5-B1FA-91BDE09B506C}"
EndProject
Project("{2150E333-8FDC-42A3-9474-1A3956D46DE8}") = "Host", "Host", "{E5BF6548-7531-4955-9B90-FDF4F367FFFE}"
EndProject
Project("{9A19103F-16F7-4668-BE54-9A1E7A4F7556}") = "Host.Web", "Host.Web\Host.Web.csproj", "{002AF0A9-18D3-48FA-8A91-B966A6661D24}"
EndProject
Project("{2150E333-8FDC-42A3-9474-1A3956D46DE8}") = "Configuration", "Configuration", "{38144873-F818-4677-9D90-99F3255D3632}"
EndProject
Project("{9A19103F-16F7-4668-BE54-9A1E7A4F7556}") = "Config.Simple", "Config.Simple\Config.Simple.csproj", "{1E8CF348-03F5-4A64-BA15-441083D030EB}"
EndProject
Project("{9A19103F-16F7-4668-BE54-9A1E7A4F7556}") = "ML.SampleExample", "ML.SampleExample\ML.SampleExample.csproj", "{92BC1AF0-D5DA-46E3-9398-F99D18183F2A}"
EndProject
Project("{2150E333-8FDC-42A3-9474-1A3956D46DE8}") = "Web API", "Web API", "{B66E881C-03B9-4C0B-84D7-4BA86E403C71}"
EndProject
Project("{9A19103F-16F7-4668-BE54-9A1E7A4F7556}") = "H_Plus_Sports", "H_Plus_Sports\H_Plus_Sports.csproj", "{122C59B4-158A-4893-A0C3-BCD522084E19}"
EndProject
Project("{2150E333-8FDC-42A3-9474-1A3956D46DE8}") = "Security", "Security", "{02203E8D-2177-437C-A6E4-0E6E212070B4}"
EndProject
Project("{FAE04EC0-301F-11D3-BF4B-00C04F79EFBC}") = "SampleAcademy", "SampleAcademy\SampleAcademy.csproj", "{C964EC13-5424-4D0E-8DAF-8AECB6DA6254}"
EndProject
Global
	GlobalSection(SolutionConfigurationPlatforms) = preSolution
		Debug|Any CPU = Debug|Any CPU
		Release|Any CPU = Release|Any CPU
	EndGlobalSection
	GlobalSection(ProjectConfigurationPlatforms) = postSolution
		{94C9017C-225C-4E32-820A-890CEF54DF97}.Debug|Any CPU.ActiveCfg = Debug|Any CPU
		{94C9017C-225C-4E32-820A-890CEF54DF97}.Debug|Any CPU.Build.0 = Debug|Any CPU
		{94C9017C-225C-4E32-820A-890CEF54DF97}.Release|Any CPU.ActiveCfg = Release|Any CPU
		{94C9017C-225C-4E32-820A-890CEF54DF97}.Release|Any CPU.Build.0 = Release|Any CPU
		{A897B269-34D3-49BF-A16D-418A292D649B}.Debug|Any CPU.ActiveCfg = Debug|Any CPU
		{A897B269-34D3-49BF-A16D-418A292D649B}.Debug|Any CPU.Build.0 = Debug|Any CPU
		{A897B269-34D3-49BF-A16D-418A292D649B}.Release|Any CPU.ActiveCfg = Release|Any CPU
		{A897B269-34D3-49BF-A16D-418A292D649B}.Release|Any CPU.Build.0 = Release|Any CPU
		{ED37A923-C89B-42B7-9F7F-44519B4F1E85}.Debug|Any CPU.ActiveCfg = Debug|Any CPU
		{ED37A923-C89B-42B7-9F7F-44519B4F1E85}.Debug|Any CPU.Build.0 = Debug|Any CPU
		{ED37A923-C89B-42B7-9F7F-44519B4F1E85}.Release|Any CPU.ActiveCfg = Release|Any CPU
		{ED37A923-C89B-42B7-9F7F-44519B4F1E85}.Release|Any CPU.Build.0 = Release|Any CPU
		{95546049-FE50-463C-A13E-F54A69A4C36A}.Debug|Any CPU.ActiveCfg = Debug|Any CPU
		{95546049-FE50-463C-A13E-F54A69A4C36A}.Debug|Any CPU.Build.0 = Debug|Any CPU
		{95546049-FE50-463C-A13E-F54A69A4C36A}.Release|Any CPU.ActiveCfg = Release|Any CPU
		{95546049-FE50-463C-A13E-F54A69A4C36A}.Release|Any CPU.Build.0 = Release|Any CPU
		{90035C79-FD5F-4BAD-94CD-0619A6705F54}.Debug|Any CPU.ActiveCfg = Debug|Any CPU
		{90035C79-FD5F-4BAD-94CD-0619A6705F54}.Debug|Any CPU.Build.0 = Debug|Any CPU
		{90035C79-FD5F-4BAD-94CD-0619A6705F54}.Release|Any CPU.ActiveCfg = Release|Any CPU
		{90035C79-FD5F-4BAD-94CD-0619A6705F54}.Release|Any CPU.Build.0 = Release|Any CPU
		{E63399D3-B1AA-4B94-9D63-EED1CBA19DDD}.Debug|Any CPU.ActiveCfg = Debug|Any CPU
		{E63399D3-B1AA-4B94-9D63-EED1CBA19DDD}.Debug|Any CPU.Build.0 = Debug|Any CPU
		{E63399D3-B1AA-4B94-9D63-EED1CBA19DDD}.Release|Any CPU.ActiveCfg = Release|Any CPU
		{E63399D3-B1AA-4B94-9D63-EED1CBA19DDD}.Release|Any CPU.Build.0 = Release|Any CPU
		{53E8889F-F101-47B6-8805-45F13CB982B1}.Debug|Any CPU.ActiveCfg = Debug|Any CPU
		{53E8889F-F101-47B6-8805-45F13CB982B1}.Debug|Any CPU.Build.0 = Debug|Any CPU
		{53E8889F-F101-47B6-8805-45F13CB982B1}.Release|Any CPU.ActiveCfg = Release|Any CPU
		{53E8889F-F101-47B6-8805-45F13CB982B1}.Release|Any CPU.Build.0 = Release|Any CPU
		{C4F66946-B14B-4DC5-B1FA-91BDE09B506C}.Debug|Any CPU.ActiveCfg = Debug|Any CPU
		{C4F66946-B14B-4DC5-B1FA-91BDE09B506C}.Debug|Any CPU.Build.0 = Debug|Any CPU
		{C4F66946-B14B-4DC5-B1FA-91BDE09B506C}.Release|Any CPU.ActiveCfg = Release|Any CPU
		{C4F66946-B14B-4DC5-B1FA-91BDE09B506C}.Release|Any CPU.Build.0 = Release|Any CPU
		{002AF0A9-18D3-48FA-8A91-B966A6661D24}.Debug|Any CPU.ActiveCfg = Debug|Any CPU
		{002AF0A9-18D3-48FA-8A91-B966A6661D24}.Debug|Any CPU.Build.0 = Debug|Any CPU
		{002AF0A9-18D3-48FA-8A91-B966A6661D24}.Release|Any CPU.ActiveCfg = Release|Any CPU
		{002AF0A9-18D3-48FA-8A91-B966A6661D24}.Release|Any CPU.Build.0 = Release|Any CPU
		{1E8CF348-03F5-4A64-BA15-441083D030EB}.Debug|Any CPU.ActiveCfg = Debug|Any CPU
		{1E8CF348-03F5-4A64-BA15-441083D030EB}.Debug|Any CPU.Build.0 = Debug|Any CPU
		{1E8CF348-03F5-4A64-BA15-441083D030EB}.Release|Any CPU.ActiveCfg = Release|Any CPU
		{1E8CF348-03F5-4A64-BA15-441083D030EB}.Release|Any CPU.Build.0 = Release|Any CPU
		{92BC1AF0-D5DA-46E3-9398-F99D18183F2A}.Debug|Any CPU.ActiveCfg = Debug|Any CPU
		{92BC1AF0-D5DA-46E3-9398-F99D18183F2A}.Debug|Any CPU.Build.0 = Debug|Any CPU
		{92BC1AF0-D5DA-46E3-9398-F99D18183F2A}.Release|Any CPU.ActiveCfg = Release|Any CPU
		{92BC1AF0-D5DA-46E3-9398-F99D18183F2A}.Release|Any CPU.Build.0 = Release|Any CPU
		{122C59B4-158A-4893-A0C3-BCD522084E19}.Debug|Any CPU.ActiveCfg = Debug|Any CPU
		{122C59B4-158A-4893-A0C3-BCD522084E19}.Debug|Any CPU.Build.0 = Debug|Any CPU
		{122C59B4-158A-4893-A0C3-BCD522084E19}.Release|Any CPU.ActiveCfg = Release|Any CPU
		{122C59B4-158A-4893-A0C3-BCD522084E19}.Release|Any CPU.Build.0 = Release|Any CPU
		{C964EC13-5424-4D0E-8DAF-8AECB6DA6254}.Debug|Any CPU.ActiveCfg = Debug|Any CPU
		{C964EC13-5424-4D0E-8DAF-8AECB6DA6254}.Debug|Any CPU.Build.0 = Debug|Any CPU
		{C964EC13-5424-4D0E-8DAF-8AECB6DA6254}.Release|Any CPU.ActiveCfg = Release|Any CPU
		{C964EC13-5424-4D0E-8DAF-8AECB6DA6254}.Release|Any CPU.Build.0 = Release|Any CPU
	EndGlobalSection
	GlobalSection(SolutionProperties) = preSolution
		HideSolutionNode = FALSE
	EndGlobalSection
	GlobalSection(NestedProjects) = preSolution
		{94C9017C-225C-4E32-820A-890CEF54DF97} = {90BAFABE-E43F-4A00-8FDA-C82FA4E85D31}
		{A897B269-34D3-49BF-A16D-418A292D649B} = {90BAFABE-E43F-4A00-8FDA-C82FA4E85D31}
		{ED37A923-C89B-42B7-9F7F-44519B4F1E85} = {90BAFABE-E43F-4A00-8FDA-C82FA4E85D31}
		{95546049-FE50-463C-A13E-F54A69A4C36A} = {90BAFABE-E43F-4A00-8FDA-C82FA4E85D31}
		{90035C79-FD5F-4BAD-94CD-0619A6705F54} = {90BAFABE-E43F-4A00-8FDA-C82FA4E85D31}
		{E63399D3-B1AA-4B94-9D63-EED1CBA19DDD} = {0DAEB753-3412-4857-83D4-80B64F365653}
		{53E8889F-F101-47B6-8805-45F13CB982B1} = {0DAEB753-3412-4857-83D4-80B64F365653}
		{C4F66946-B14B-4DC5-B1FA-91BDE09B506C} = {0DAEB753-3412-4857-83D4-80B64F365653}
		{002AF0A9-18D3-48FA-8A91-B966A6661D24} = {E5BF6548-7531-4955-9B90-FDF4F367FFFE}
		{1E8CF348-03F5-4A64-BA15-441083D030EB} = {38144873-F818-4677-9D90-99F3255D3632}
		{92BC1AF0-D5DA-46E3-9398-F99D18183F2A} = {0DAEB753-3412-4857-83D4-80B64F365653}
		{122C59B4-158A-4893-A0C3-BCD522084E19} = {B66E881C-03B9-4C0B-84D7-4BA86E403C71}
		{C964EC13-5424-4D0E-8DAF-8AECB6DA6254} = {02203E8D-2177-437C-A6E4-0E6E212070B4}
	EndGlobalSection
	GlobalSection(ExtensibilityGlobals) = postSolution
		SolutionGuid = {36867B9D-FB32-4A4F-8918-E05CD294FA0C}
	EndGlobalSection
EndGlobal
